
Microsoft Visual Studio Solution File, Format Version 12.00
# Visual Studio 2012
Project("{FAE04EC0-301F-11D3-BF4B-00C04F79EFBC}") = "SQLiteImporter", "SQLiteImporter\SQLiteImporter.csproj", "{E7E15F7B-3435-4A72-856E-A81E4FA9DAA8}"
EndProject
Project("{FAE04EC0-301F-11D3-BF4B-00C04F79EFBC}") = "GutenbergDictionary", "GutenbergDictionary\GutenbergDictionary.csproj", "{A239226E-1BF2-4817-81A7-12BA9DB55CE4}"
EndProject
Project("{FAE04EC0-301F-11D3-BF4B-00C04F79EFBC}") = "VariableTranslator", "VariableTranslator\VariableTranslator.csproj", "{A852BB0C-EE09-4124-B6F3-AD197123177A}"
EndProject
Project("{FAE04EC0-301F-11D3-BF4B-00C04F79EFBC}") = "LineCounter", "LineCounter\LineCounter.csproj", "{9589BD11-5108-4C1C-B366-FF8008B6C696}"
EndProject
Project("{FAE04EC0-301F-11D3-BF4B-00C04F79EFBC}") = "SententceOptimizer", "SententceOptimizer\SententceOptimizer.csproj", "{276B85AB-9721-40C6-8EC9-A3315E9BC64A}"
EndProject
Project("{FAE04EC0-301F-11D3-BF4B-00C04F79EFBC}") = "TatoebaLanguageInteger", "TatoebaLanguageInteger\TatoebaLanguageInteger.csproj", "{4C38D829-F5A1-43DB-A7D6-10976AA388AB}"
EndProject
Project("{FAE04EC0-301F-11D3-BF4B-00C04F79EFBC}") = "TatoebaWordLookup", "TatoebaWordLookup\TatoebaWordLookup.csproj", "{2ABAA1D2-8BBE-4EE3-9FFE-31599BB70C50}"
EndProject
Project("{FAE04EC0-301F-11D3-BF4B-00C04F79EFBC}") = "TatoebaLanguageDiff", "TatoebaLanguageDiff\TatoebaLanguageDiff.csproj", "{FB01DC6E-9DAB-4519-B598-0D9E28420B2C}"
EndProject
Project("{FAE04EC0-301F-11D3-BF4B-00C04F79EFBC}") = "MemoBaseCreator", "MemoBaseCreator\MemoBaseCreator.csproj", "{B4962145-2F50-4CFB-BF95-A8359B6050AC}"
EndProject
Project("{FAE04EC0-301F-11D3-BF4B-00C04F79EFBC}") = "CorsswordSolver", "CorsswordSolver\CorsswordSolver.csproj", "{C33761EA-B2DB-4501-8E5E-07AC5C3ADF26}"
EndProject
Project("{2150E333-8FDC-42A3-9474-1A3956D46DE8}") = "Tatoeba", "Tatoeba", "{C55A559E-1770-40DC-94A3-46BE97FD02CB}"
EndProject
Project("{2150E333-8FDC-42A3-9474-1A3956D46DE8}") = "Android Tools", "Android Tools", "{9ABCE146-F47B-4D48-A4A0-7344E3516EDB}"
EndProject
Project("{2150E333-8FDC-42A3-9474-1A3956D46DE8}") = "General", "General", "{BA1AFF1C-1EE8-4C77-B327-14E8A5F3E05D}"
EndProject
Project("{2150E333-8FDC-42A3-9474-1A3956D46DE8}") = "Data Import", "Data Import", "{3D7CBFE8-5CE0-4616-B6D3-330C1191A782}"
EndProject
Project("{2150E333-8FDC-42A3-9474-1A3956D46DE8}") = "Gutenberg", "Gutenberg", "{7182D3C5-B61B-4DA2-A9C2-F8D9760A62F1}"
EndProject
Project("{2150E333-8FDC-42A3-9474-1A3956D46DE8}") = "Wikitionary", "Wikitionary", "{74A254CF-A1C3-43E0-835D-4E07B7CDBE3A}"
EndProject
Project("{2150E333-8FDC-42A3-9474-1A3956D46DE8}") = "FCE Datasets", "FCE Datasets", "{02A0C53D-35EF-4B10-8766-6D39C22D5F5F}"
EndProject
Project("{FAE04EC0-301F-11D3-BF4B-00C04F79EFBC}") = "WiktionaryParser", "Wiktionary\WiktionaryParser\WiktionaryParser.csproj", "{490E10C5-B9CD-4C6B-8774-A18E7ECE501F}"
EndProject
Project("{FAE04EC0-301F-11D3-BF4B-00C04F79EFBC}") = "SqliteBatchImport", "Wiktionary\SqliteBatchImport\SqliteBatchImport.csproj", "{77A03314-9210-400F-B554-0EC5E5F4601F}"
EndProject
Project("{FAE04EC0-301F-11D3-BF4B-00C04F79EFBC}") = "WiktionaryMapper", "Wiktionary\WiktionaryMapper\WiktionaryMapper.csproj", "{4989F2E7-BB71-48D6-B741-61D09DD38209}"
EndProject
Project("{2150E333-8FDC-42A3-9474-1A3956D46DE8}") = "RenameFiles", "RenameFiles", "{76BFF7E0-95A3-4EAF-9B2E-F61972943245}"
EndProject
Project("{FAE04EC0-301F-11D3-BF4B-00C04F79EFBC}") = "RenameFiles", "RenameFiles\RenameFiles.csproj", "{53DF2A9A-83E1-4771-B40B-C212EED21436}"
EndProject
Global
	GlobalSection(SolutionConfigurationPlatforms) = preSolution
		Debug|Any CPU = Debug|Any CPU
		Release|Any CPU = Release|Any CPU
	EndGlobalSection
	GlobalSection(ProjectConfigurationPlatforms) = postSolution
		{E7E15F7B-3435-4A72-856E-A81E4FA9DAA8}.Debug|Any CPU.ActiveCfg = Debug|Any CPU
		{E7E15F7B-3435-4A72-856E-A81E4FA9DAA8}.Debug|Any CPU.Build.0 = Debug|Any CPU
		{E7E15F7B-3435-4A72-856E-A81E4FA9DAA8}.Release|Any CPU.ActiveCfg = Release|Any CPU
		{E7E15F7B-3435-4A72-856E-A81E4FA9DAA8}.Release|Any CPU.Build.0 = Release|Any CPU
		{A239226E-1BF2-4817-81A7-12BA9DB55CE4}.Debug|Any CPU.ActiveCfg = Debug|Any CPU
		{A239226E-1BF2-4817-81A7-12BA9DB55CE4}.Debug|Any CPU.Build.0 = Debug|Any CPU
		{A239226E-1BF2-4817-81A7-12BA9DB55CE4}.Release|Any CPU.ActiveCfg = Release|Any CPU
		{A239226E-1BF2-4817-81A7-12BA9DB55CE4}.Release|Any CPU.Build.0 = Release|Any CPU
		{A852BB0C-EE09-4124-B6F3-AD197123177A}.Debug|Any CPU.ActiveCfg = Debug|Any CPU
		{A852BB0C-EE09-4124-B6F3-AD197123177A}.Debug|Any CPU.Build.0 = Debug|Any CPU
		{A852BB0C-EE09-4124-B6F3-AD197123177A}.Release|Any CPU.ActiveCfg = Release|Any CPU
		{A852BB0C-EE09-4124-B6F3-AD197123177A}.Release|Any CPU.Build.0 = Release|Any CPU
		{9589BD11-5108-4C1C-B366-FF8008B6C696}.Debug|Any CPU.ActiveCfg = Debug|Any CPU
		{9589BD11-5108-4C1C-B366-FF8008B6C696}.Debug|Any CPU.Build.0 = Debug|Any CPU
		{9589BD11-5108-4C1C-B366-FF8008B6C696}.Release|Any CPU.ActiveCfg = Release|Any CPU
		{9589BD11-5108-4C1C-B366-FF8008B6C696}.Release|Any CPU.Build.0 = Release|Any CPU
		{276B85AB-9721-40C6-8EC9-A3315E9BC64A}.Debug|Any CPU.ActiveCfg = Debug|Any CPU
		{276B85AB-9721-40C6-8EC9-A3315E9BC64A}.Debug|Any CPU.Build.0 = Debug|Any CPU
		{276B85AB-9721-40C6-8EC9-A3315E9BC64A}.Release|Any CPU.ActiveCfg = Release|Any CPU
		{276B85AB-9721-40C6-8EC9-A3315E9BC64A}.Release|Any CPU.Build.0 = Release|Any CPU
		{4C38D829-F5A1-43DB-A7D6-10976AA388AB}.Debug|Any CPU.ActiveCfg = Debug|Any CPU
		{4C38D829-F5A1-43DB-A7D6-10976AA388AB}.Debug|Any CPU.Build.0 = Debug|Any CPU
		{4C38D829-F5A1-43DB-A7D6-10976AA388AB}.Release|Any CPU.ActiveCfg = Release|Any CPU
		{4C38D829-F5A1-43DB-A7D6-10976AA388AB}.Release|Any CPU.Build.0 = Release|Any CPU
		{2ABAA1D2-8BBE-4EE3-9FFE-31599BB70C50}.Debug|Any CPU.ActiveCfg = Debug|Any CPU
		{2ABAA1D2-8BBE-4EE3-9FFE-31599BB70C50}.Debug|Any CPU.Build.0 = Debug|Any CPU
		{2ABAA1D2-8BBE-4EE3-9FFE-31599BB70C50}.Release|Any CPU.ActiveCfg = Release|Any CPU
		{2ABAA1D2-8BBE-4EE3-9FFE-31599BB70C50}.Release|Any CPU.Build.0 = Release|Any CPU
		{FB01DC6E-9DAB-4519-B598-0D9E28420B2C}.Debug|Any CPU.ActiveCfg = Debug|Any CPU
		{FB01DC6E-9DAB-4519-B598-0D9E28420B2C}.Debug|Any CPU.Build.0 = Debug|Any CPU
		{FB01DC6E-9DAB-4519-B598-0D9E28420B2C}.Release|Any CPU.ActiveCfg = Release|Any CPU
		{FB01DC6E-9DAB-4519-B598-0D9E28420B2C}.Release|Any CPU.Build.0 = Release|Any CPU
		{B4962145-2F50-4CFB-BF95-A8359B6050AC}.Debug|Any CPU.ActiveCfg = Debug|Any CPU
		{B4962145-2F50-4CFB-BF95-A8359B6050AC}.Debug|Any CPU.Build.0 = Debug|Any CPU
		{B4962145-2F50-4CFB-BF95-A8359B6050AC}.Release|Any CPU.ActiveCfg = Release|Any CPU
		{B4962145-2F50-4CFB-BF95-A8359B6050AC}.Release|Any CPU.Build.0 = Release|Any CPU
		{C33761EA-B2DB-4501-8E5E-07AC5C3ADF26}.Debug|Any CPU.ActiveCfg = Debug|Any CPU
		{C33761EA-B2DB-4501-8E5E-07AC5C3ADF26}.Debug|Any CPU.Build.0 = Debug|Any CPU
		{C33761EA-B2DB-4501-8E5E-07AC5C3ADF26}.Release|Any CPU.ActiveCfg = Release|Any CPU
		{C33761EA-B2DB-4501-8E5E-07AC5C3ADF26}.Release|Any CPU.Build.0 = Release|Any CPU
		{490E10C5-B9CD-4C6B-8774-A18E7ECE501F}.Debug|Any CPU.ActiveCfg = Debug|Any CPU
		{490E10C5-B9CD-4C6B-8774-A18E7ECE501F}.Debug|Any CPU.Build.0 = Debug|Any CPU
		{490E10C5-B9CD-4C6B-8774-A18E7ECE501F}.Release|Any CPU.ActiveCfg = Release|Any CPU
		{490E10C5-B9CD-4C6B-8774-A18E7ECE501F}.Release|Any CPU.Build.0 = Release|Any CPU
		{77A03314-9210-400F-B554-0EC5E5F4601F}.Debug|Any CPU.ActiveCfg = Debug|Any CPU
		{77A03314-9210-400F-B554-0EC5E5F4601F}.Debug|Any CPU.Build.0 = Debug|Any CPU
		{77A03314-9210-400F-B554-0EC5E5F4601F}.Release|Any CPU.ActiveCfg = Release|Any CPU
		{77A03314-9210-400F-B554-0EC5E5F4601F}.Release|Any CPU.Build.0 = Release|Any CPU
		{4989F2E7-BB71-48D6-B741-61D09DD38209}.Debug|Any CPU.ActiveCfg = Debug|Any CPU
		{4989F2E7-BB71-48D6-B741-61D09DD38209}.Debug|Any CPU.Build.0 = Debug|Any CPU
		{4989F2E7-BB71-48D6-B741-61D09DD38209}.Release|Any CPU.ActiveCfg = Release|Any CPU
		{4989F2E7-BB71-48D6-B741-61D09DD38209}.Release|Any CPU.Build.0 = Release|Any CPU
		{53DF2A9A-83E1-4771-B40B-C212EED21436}.Debug|Any CPU.ActiveCfg = Debug|Any CPU
		{53DF2A9A-83E1-4771-B40B-C212EED21436}.Debug|Any CPU.Build.0 = Debug|Any CPU
		{53DF2A9A-83E1-4771-B40B-C212EED21436}.Release|Any CPU.ActiveCfg = Release|Any CPU
		{53DF2A9A-83E1-4771-B40B-C212EED21436}.Release|Any CPU.Build.0 = Release|Any CPU
	EndGlobalSection
	GlobalSection(SolutionProperties) = preSolution
		HideSolutionNode = FALSE
	EndGlobalSection
	GlobalSection(NestedProjects) = preSolution
		{9589BD11-5108-4C1C-B366-FF8008B6C696} = {BA1AFF1C-1EE8-4C77-B327-14E8A5F3E05D}
		{E7E15F7B-3435-4A72-856E-A81E4FA9DAA8} = {BA1AFF1C-1EE8-4C77-B327-14E8A5F3E05D}
		{C55A559E-1770-40DC-94A3-46BE97FD02CB} = {3D7CBFE8-5CE0-4616-B6D3-330C1191A782}
		{02A0C53D-35EF-4B10-8766-6D39C22D5F5F} = {3D7CBFE8-5CE0-4616-B6D3-330C1191A782}
		{7182D3C5-B61B-4DA2-A9C2-F8D9760A62F1} = {3D7CBFE8-5CE0-4616-B6D3-330C1191A782}
		{74A254CF-A1C3-43E0-835D-4E07B7CDBE3A} = {3D7CBFE8-5CE0-4616-B6D3-330C1191A782}
		{76BFF7E0-95A3-4EAF-9B2E-F61972943245} = {3D7CBFE8-5CE0-4616-B6D3-330C1191A782}
		{C33761EA-B2DB-4501-8E5E-07AC5C3ADF26} = {9ABCE146-F47B-4D48-A4A0-7344E3516EDB}
		{A852BB0C-EE09-4124-B6F3-AD197123177A} = {9ABCE146-F47B-4D48-A4A0-7344E3516EDB}
		{4C38D829-F5A1-43DB-A7D6-10976AA388AB} = {C55A559E-1770-40DC-94A3-46BE97FD02CB}
		{2ABAA1D2-8BBE-4EE3-9FFE-31599BB70C50} = {C55A559E-1770-40DC-94A3-46BE97FD02CB}
		{FB01DC6E-9DAB-4519-B598-0D9E28420B2C} = {C55A559E-1770-40DC-94A3-46BE97FD02CB}
		{276B85AB-9721-40C6-8EC9-A3315E9BC64A} = {C55A559E-1770-40DC-94A3-46BE97FD02CB}
		{B4962145-2F50-4CFB-BF95-A8359B6050AC} = {02A0C53D-35EF-4B10-8766-6D39C22D5F5F}
		{A239226E-1BF2-4817-81A7-12BA9DB55CE4} = {7182D3C5-B61B-4DA2-A9C2-F8D9760A62F1}
		{490E10C5-B9CD-4C6B-8774-A18E7ECE501F} = {74A254CF-A1C3-43E0-835D-4E07B7CDBE3A}
		{77A03314-9210-400F-B554-0EC5E5F4601F} = {74A254CF-A1C3-43E0-835D-4E07B7CDBE3A}
		{4989F2E7-BB71-48D6-B741-61D09DD38209} = {74A254CF-A1C3-43E0-835D-4E07B7CDBE3A}
		{53DF2A9A-83E1-4771-B40B-C212EED21436} = {76BFF7E0-95A3-4EAF-9B2E-F61972943245}
	EndGlobalSection
EndGlobal
